
Microsoft Visual Studio Solution File, Format Version 12.00
# Visual Studio Version 17
VisualStudioVersion = 17.11.34929.205
MinimumVisualStudioVersion = 10.0.40219.1
Project("{FAE04EC0-301F-11D3-BF4B-00C04F79EFBC}") = "InitialAPI", "InitialAPI.csproj", "{0C224661-ED3A-47B1-A9E6-CA4BC092599A}"
EndProject
Global
	GlobalSection(SolutionConfigurationPlatforms) = preSolution
		Debug|Any CPU = Debug|Any CPU
		Release|Any CPU = Release|Any CPU
	EndGlobalSection
	GlobalSection(ProjectConfigurationPlatforms) = postSolution
		{0C224661-ED3A-47B1-A9E6-CA4BC092599A}.Debug|Any CPU.ActiveCfg = Debug|Any CPU
		{0C224661-ED3A-47B1-A9E6-CA4BC092599A}.Debug|Any CPU.Build.0 = Debug|Any CPU
		{0C224661-ED3A-47B1-A9E6-CA4BC092599A}.Release|Any CPU.ActiveCfg = Release|Any CPU
		{0C224661-ED3A-47B1-A9E6-CA4BC092599A}.Release|Any CPU.Build.0 = Release|Any CPU
	EndGlobalSection
	GlobalSection(SolutionProperties) = preSolution
		HideSolutionNode = FALSE
	EndGlobalSection
	GlobalSection(ExtensibilityGlobals) = postSolution
		SolutionGuid = {5C336122-79A5-4BEC-8D6B-CB4F4BC7DCCF}
	EndGlobalSection
EndGlobal
